PODS:
  - Flutter (1.0.0)
  - flutter_secure_storage_darwin (10.0.0):
    - Flutter
    - FlutterMacOS
  - flutter_webrtc (1.6.0):
    - Flutter
    - WebRTC-SDK (= 144.7559.09)
  - mobile_scanner (7.0.0):
    - Flutter
    - FlutterMacOS
  - WebRTC-SDK (144.7559.09)
  - webview_flutter_wkwebview (0.0.1):
    - Flutter
    - FlutterMacOS

DEPENDENCIES:
  - Flutter (from `Flutter`)
  - flutter_secure_storage_darwin (from `.symlinks/plugins/flutter_secure_storage_darwin/darwin`)
  - flutter_webrtc (from `.symlinks/plugins/flutter_webrtc/ios`)
  - mobile_scanner (from `.symlinks/plugins/mobile_scanner/darwin`)
  - webview_flutter_wkwebview (from `.symlinks/plugins/webview_flutter_wkwebview/darwin`)

SPEC REPOS:
  trunk:
    - WebRTC-SDK

EXTERNAL SOURCES:
  Flutter:
    :path: Flutter
  flutter_secure_storage_darwin:
    :path: ".symlinks/plugins/flutter_secure_storage_darwin/darwin"
  flutter_webrtc:
    :path: ".symlinks/plugins/flutter_webrtc/ios"
  mobile_scanner:
    :path: ".symlinks/plugins/mobile_scanner/darwin"
  webview_flutter_wkwebview:
    :path: ".symlinks/plugins/webview_flutter_wkwebview/darwin"

SPEC CHECKSUMS:
  Flutter: cabc95a1d2626b1b06e7179b784ebcf0c0cde467
  flutter_secure_storage_darwin: 46e401699982ee74142909676535e0f6a7321e58
  flutter_webrtc: f952258e6fa67477d481cfbad2885a4f117922a7
  mobile_scanner: 9157936403f5a0644ca3779a38ff8404c5434a93
  WebRTC-SDK: e6006119cd730d6315d875e4a421b6cc8bb88833
  webview_flutter_wkwebview: 8ebf4fded22593026f7dbff1fbff31ea98573c8d

PODFILE CHECKSUM: 3c63482e143d1b91d2d2560aee9fb04ecc74ac7e

COCOAPODS: 1.16.2
